{
  "object": {
    "pins": [
      {
        "package": "Files",
        "repositoryURL": "https://github.com/elegantchaos/Files.git",
        "state": {
          "branch": null,
          "revision": "50ba3a43ba60af8c75e172b70b95553ca02a15f7",
          "version": "1.1.5"
        }
      },
      {
        "package": "XCTestExtensions",
        "repositoryURL": "https://github.com/elegantchaos/XCTestExtensions.git",
        "state": {
          "branch": null,
          "revision": "15991478b5c9bda527a0a59567ad0fa26940f74c",
          "version": "1.1.2"
        }
      }
    ]
  },
  "version": 1
}
